
Microsoft Visual Studio Solution File, Format Version 12.00
# Visual Studio Version 17
VisualStudioVersion = 17.3.32819.101
MinimumVisualStudioVersion = 10.0.40219.1
Project("{FAE04EC0-301F-11D3-BF4B-00C04F79EFBC}") = "Responsi2", "Responsi2\Responsi2.csproj", "{824A07BA-C907-432B-8E4E-FFD795BFCA1A}"
EndProject
Global
	GlobalSection(SolutionConfigurationPlatforms) = preSolution
		Debug|Any CPU = Debug|Any CPU
		Release|Any CPU = Release|Any CPU
	EndGlobalSection
	GlobalSection(ProjectConfigurationPlatforms) = postSolution
		{824A07BA-C907-432B-8E4E-FFD795BFCA1A}.Debug|Any CPU.ActiveCfg = Debug|Any CPU
		{824A07BA-C907-432B-8E4E-FFD795BFCA1A}.Debug|Any CPU.Build.0 = Debug|Any CPU
		{824A07BA-C907-432B-8E4E-FFD795BFCA1A}.Release|Any CPU.ActiveCfg = Release|Any CPU
		{824A07BA-C907-432B-8E4E-FFD795BFCA1A}.Release|Any CPU.Build.0 = Release|Any CPU
	EndGlobalSection
	GlobalSection(SolutionProperties) = preSolution
		HideSolutionNode = FALSE
	EndGlobalSection
	GlobalSection(ExtensibilityGlobals) = postSolution
		SolutionGuid = {6539A9C5-99E3-40C1-B5A8-869ACF316024}
	EndGlobalSection
EndGlobal
